
Microsoft Visual Studio Solution File, Format Version 12.00
# Visual Studio Version 17
VisualStudioVersion = 17.11.35303.130
MinimumVisualStudioVersion = 10.0.40219.1
Project("{FAE04EC0-301F-11D3-BF4B-00C04F79EFBC}") = "UdemyBackend", "UdemyBackend\UdemyBackend.csproj", "{7AB0E9A8-0F0B-4AE2-B37A-A8CB5F9CEE59}"
EndProject
Global
	GlobalSection(SolutionConfigurationPlatforms) = preSolution
		Debug|Any CPU = Debug|Any CPU
		Release|Any CPU = Release|Any CPU
	EndGlobalSection
	GlobalSection(ProjectConfigurationPlatforms) = postSolution
		{7AB0E9A8-0F0B-4AE2-B37A-A8CB5F9CEE59}.Debug|Any CPU.ActiveCfg = Debug|Any CPU
		{7AB0E9A8-0F0B-4AE2-B37A-A8CB5F9CEE59}.Debug|Any CPU.Build.0 = Debug|Any CPU
		{7AB0E9A8-0F0B-4AE2-B37A-A8CB5F9CEE59}.Release|Any CPU.ActiveCfg = Release|Any CPU
		{7AB0E9A8-0F0B-4AE2-B37A-A8CB5F9CEE59}.Release|Any CPU.Build.0 = Release|Any CPU
	EndGlobalSection
	GlobalSection(SolutionProperties) = preSolution
		HideSolutionNode = FALSE
	EndGlobalSection
	GlobalSection(ExtensibilityGlobals) = postSolution
		SolutionGuid = {BA9D1591-A826-49EA-881A-AD148098876B}
	EndGlobalSection
EndGlobal
